
Microsoft Visual Studio Solution File, Format Version 12.00
# Visual Studio Version 17
VisualStudioVersion = 17.10.35027.167
MinimumVisualStudioVersion = 10.0.40219.1
Project("{FAE04EC0-301F-11D3-BF4B-00C04F79EFBC}") = "Ex01_01", "Ex01_01\Ex01_01.csproj", "{A53A1994-2F79-4AD4-AE1B-9D6DB8CE9F56}"
EndProject
Project("{FAE04EC0-301F-11D3-BF4B-00C04F79EFBC}") = "Ex01_02", "Ex01_02\Ex01_02.csproj", "{D40E89F2-1CFE-4332-980B-9D916B667660}"
EndProject
Project("{FAE04EC0-301F-11D3-BF4B-00C04F79EFBC}") = "Ex01_03", "Ex01_03\Ex01_03.csproj", "{9306B7D9-EA51-45D4-B1A9-BD0FB98C44D6}"
EndProject
Project("{FAE04EC0-301F-11D3-BF4B-00C04F79EFBC}") = "Ex01_05", "Ex01_05\Ex01_05.csproj", "{55A33FCA-F10B-4CC8-99DC-1970286BD4C4}"
EndProject
Global
	GlobalSection(SolutionConfigurationPlatforms) = preSolution
		Debug|Any CPU = Debug|Any CPU
		Release|Any CPU = Release|Any CPU
	EndGlobalSection
	GlobalSection(ProjectConfigurationPlatforms) = postSolution
		{A53A1994-2F79-4AD4-AE1B-9D6DB8CE9F56}.Debug|Any CPU.ActiveCfg = Debug|Any CPU
		{A53A1994-2F79-4AD4-AE1B-9D6DB8CE9F56}.Debug|Any CPU.Build.0 = Debug|Any CPU
		{A53A1994-2F79-4AD4-AE1B-9D6DB8CE9F56}.Release|Any CPU.ActiveCfg = Release|Any CPU
		{A53A1994-2F79-4AD4-AE1B-9D6DB8CE9F56}.Release|Any CPU.Build.0 = Release|Any CPU
		{D40E89F2-1CFE-4332-980B-9D916B667660}.Debug|Any CPU.ActiveCfg = Debug|Any CPU
		{D40E89F2-1CFE-4332-980B-9D916B667660}.Debug|Any CPU.Build.0 = Debug|Any CPU
		{D40E89F2-1CFE-4332-980B-9D916B667660}.Release|Any CPU.ActiveCfg = Release|Any CPU
		{D40E89F2-1CFE-4332-980B-9D916B667660}.Release|Any CPU.Build.0 = Release|Any CPU
		{9306B7D9-EA51-45D4-B1A9-BD0FB98C44D6}.Debug|Any CPU.ActiveCfg = Debug|Any CPU
		{9306B7D9-EA51-45D4-B1A9-BD0FB98C44D6}.Debug|Any CPU.Build.0 = Debug|Any CPU
		{9306B7D9-EA51-45D4-B1A9-BD0FB98C44D6}.Release|Any CPU.ActiveCfg = Release|Any CPU
		{9306B7D9-EA51-45D4-B1A9-BD0FB98C44D6}.Release|Any CPU.Build.0 = Release|Any CPU
		{55A33FCA-F10B-4CC8-99DC-1970286BD4C4}.Debug|Any CPU.ActiveCfg = Debug|Any CPU
		{55A33FCA-F10B-4CC8-99DC-1970286BD4C4}.Debug|Any CPU.Build.0 = Debug|Any CPU
		{55A33FCA-F10B-4CC8-99DC-1970286BD4C4}.Release|Any CPU.ActiveCfg = Release|Any CPU
		{55A33FCA-F10B-4CC8-99DC-1970286BD4C4}.Release|Any CPU.Build.0 = Release|Any CPU
	EndGlobalSection
	GlobalSection(SolutionProperties) = preSolution
		HideSolutionNode = FALSE
	EndGlobalSection
	GlobalSection(ExtensibilityGlobals) = postSolution
		SolutionGuid = {A350FA64-A463-4319-A699-B5B4EA541F44}
	EndGlobalSection
EndGlobal
